
Microsoft Visual Studio Solution File, Format Version 12.00
# Visual Studio 14
VisualStudioVersion = 14.0.25420.1
MinimumVisualStudioVersion = 10.0.40219.1
Project("{FAE04EC0-301F-11D3-BF4B-00C04F79EFBC}") = "robofy", "robofy\robofy.csproj", "{AC8FF72D-3C35-4A3A-B795-046A1E9C92F4}"
EndProject
Project("{FAE04EC0-301F-11D3-BF4B-00C04F79EFBC}") = "robofy.tests", "robofy.tests\robofy.tests.csproj", "{8A643A8E-085F-42D5-B11A-77EACC4F8018}"
EndProject
Global
	GlobalSection(SolutionConfigurationPlatforms) = preSolution
		Debug|Any CPU = Debug|Any CPU
		Release|Any CPU = Release|Any CPU
	EndGlobalSection
	GlobalSection(ProjectConfigurationPlatforms) = postSolution
		{AC8FF72D-3C35-4A3A-B795-046A1E9C92F4}.Debug|Any CPU.ActiveCfg = Debug|Any CPU
		{AC8FF72D-3C35-4A3A-B795-046A1E9C92F4}.Debug|Any CPU.Build.0 = Debug|Any CPU
		{AC8FF72D-3C35-4A3A-B795-046A1E9C92F4}.Release|Any CPU.ActiveCfg = Release|Any CPU
		{AC8FF72D-3C35-4A3A-B795-046A1E9C92F4}.Release|Any CPU.Build.0 = Release|Any CPU
		{8A643A8E-085F-42D5-B11A-77EACC4F8018}.Debug|Any CPU.ActiveCfg = Debug|Any CPU
		{8A643A8E-085F-42D5-B11A-77EACC4F8018}.Debug|Any CPU.Build.0 = Debug|Any CPU
		{8A643A8E-085F-42D5-B11A-77EACC4F8018}.Release|Any CPU.ActiveCfg = Release|Any CPU
		{8A643A8E-085F-42D5-B11A-77EACC4F8018}.Release|Any CPU.Build.0 = Release|Any CPU
	EndGlobalSection
	GlobalSection(SolutionProperties) = preSolution
		HideSolutionNode = FALSE
	EndGlobalSection
EndGlobal
